dependencies:
- name: redis
  repository: https://charts.bitnami.com/bitnami
  version: 17.8.2
- name: postgresql
  repository: https://charts.bitnami.com/bitnami
  version: 12.2.2
digest: sha256:9a2203db280e46a606c0250e0de71f6e9fb253a564b5493070ec5ca442401961
generated: "2023-03-31T11:39:13.567411621-07:00"
